
Microsoft Visual Studio Solution File, Format Version 12.00
# Visual Studio Version 17
VisualStudioVersion = 17.0.31919.166
MinimumVisualStudioVersion = 10.0.40219.1
Project("{FAE04EC0-301F-11D3-BF4B-00C04F79EFBC}") = "ShinyHunter", "ShinyHunter.csproj", "{FAF08560-7E73-4C65-94E7-27F1DA18A998}"
EndProject
Global
	GlobalSection(SolutionConfigurationPlatforms) = preSolution
		Debug|Any CPU = Debug|Any CPU
		Release|Any CPU = Release|Any CPU
	EndGlobalSection
	GlobalSection(ProjectConfigurationPlatforms) = postSolution
		{FAF08560-7E73-4C65-94E7-27F1DA18A998}.Debug|Any CPU.ActiveCfg = Debug|Any CPU
		{FAF08560-7E73-4C65-94E7-27F1DA18A998}.Debug|Any CPU.Build.0 = Debug|Any CPU
		{FAF08560-7E73-4C65-94E7-27F1DA18A998}.Release|Any CPU.ActiveCfg = Release|Any CPU
		{FAF08560-7E73-4C65-94E7-27F1DA18A998}.Release|Any CPU.Build.0 = Release|Any CPU
	EndGlobalSection
	GlobalSection(SolutionProperties) = preSolution
		HideSolutionNode = FALSE
	EndGlobalSection
	GlobalSection(ExtensibilityGlobals) = postSolution
		SolutionGuid = {8D996C2F-11C2-4279-9E17-5EF5F01A3D6A}
	EndGlobalSection
EndGlobal
